
Microsoft Visual Studio Solution File, Format Version 12.00
# Visual Studio Version 17
VisualStudioVersion = 17.11.35312.102
MinimumVisualStudioVersion = 10.0.40219.1
Project("{9A19103F-16F7-4668-BE54-9A1E7A4F7556}") = "SignalRDemoBlazorApp", "SignalRDemoBlazorApp\SignalRDemoBlazorApp.csproj", "{2D0F48D9-2ED6-4AA5-AFA5-C8BCC3951510}"
EndProject
Project("{9A19103F-16F7-4668-BE54-9A1E7A4F7556}") = "SignalRDemoBlazorApp.Client", "SignalRDemoBlazorApp.Client\SignalRDemoBlazorApp.Client.csproj", "{CF40C873-5EC2-4452-BC18-C850F15662B3}"
EndProject
Global
	GlobalSection(SolutionConfigurationPlatforms) = preSolution
		Debug|Any CPU = Debug|Any CPU
		Release|Any CPU = Release|Any CPU
	EndGlobalSection
	GlobalSection(ProjectConfigurationPlatforms) = postSolution
		{2D0F48D9-2ED6-4AA5-AFA5-C8BCC3951510}.Debug|Any CPU.ActiveCfg = Debug|Any CPU
		{2D0F48D9-2ED6-4AA5-AFA5-C8BCC3951510}.Debug|Any CPU.Build.0 = Debug|Any CPU
		{2D0F48D9-2ED6-4AA5-AFA5-C8BCC3951510}.Release|Any CPU.ActiveCfg = Release|Any CPU
		{2D0F48D9-2ED6-4AA5-AFA5-C8BCC3951510}.Release|Any CPU.Build.0 = Release|Any CPU
		{CF40C873-5EC2-4452-BC18-C850F15662B3}.Debug|Any CPU.ActiveCfg = Debug|Any CPU
		{CF40C873-5EC2-4452-BC18-C850F15662B3}.Debug|Any CPU.Build.0 = Debug|Any CPU
		{CF40C873-5EC2-4452-BC18-C850F15662B3}.Release|Any CPU.ActiveCfg = Release|Any CPU
		{CF40C873-5EC2-4452-BC18-C850F15662B3}.Release|Any CPU.Build.0 = Release|Any CPU
	EndGlobalSection
	GlobalSection(SolutionProperties) = preSolution
		HideSolutionNode = FALSE
	EndGlobalSection
	GlobalSection(ExtensibilityGlobals) = postSolution
		SolutionGuid = {6F1FA032-F523-4001-820A-CFF21468860C}
	EndGlobalSection
EndGlobal
