
Microsoft Visual Studio Solution File, Format Version 12.00
# Visual Studio Version 17
VisualStudioVersion = 17.11.35312.102
MinimumVisualStudioVersion = 10.0.40219.1
Project("{FAE04EC0-301F-11D3-BF4B-00C04F79EFBC}") = "MVCAPPlication", "MVCAPPlication\MVCAPPlication.csproj", "{2564EA67-05F5-4432-91B4-31F765E3AFC9}"
EndProject
Global
	GlobalSection(SolutionConfigurationPlatforms) = preSolution
		Debug|Any CPU = Debug|Any CPU
		Release|Any CPU = Release|Any CPU
	EndGlobalSection
	GlobalSection(ProjectConfigurationPlatforms) = postSolution
		{2564EA67-05F5-4432-91B4-31F765E3AFC9}.Debug|Any CPU.ActiveCfg = Debug|Any CPU
		{2564EA67-05F5-4432-91B4-31F765E3AFC9}.Debug|Any CPU.Build.0 = Debug|Any CPU
		{2564EA67-05F5-4432-91B4-31F765E3AFC9}.Release|Any CPU.ActiveCfg = Release|Any CPU
		{2564EA67-05F5-4432-91B4-31F765E3AFC9}.Release|Any CPU.Build.0 = Release|Any CPU
	EndGlobalSection
	GlobalSection(SolutionProperties) = preSolution
		HideSolutionNode = FALSE
	EndGlobalSection
	GlobalSection(ExtensibilityGlobals) = postSolution
		SolutionGuid = {94A9F2EC-6C84-40D5-93EC-4331A9C86A04}
	EndGlobalSection
EndGlobal
